
Microsoft Visual Studio Solution File, Format Version 12.00
# Visual Studio Version 17
VisualStudioVersion = 17.7.34221.43
MinimumVisualStudioVersion = 10.0.40219.1
Project("{FAE04EC0-301F-11D3-BF4B-00C04F79EFBC}") = "ConsoleApp1", "ConsoleApp1\ConsoleApp1.csproj", "{DD4C01BD-E606-4F54-BAC3-01F16B2AAD7D}"
EndProject
Global
	GlobalSection(SolutionConfigurationPlatforms) = preSolution
		Debug|Any CPU = Debug|Any CPU
		Release|Any CPU = Release|Any CPU
	EndGlobalSection
	GlobalSection(ProjectConfigurationPlatforms) = postSolution
		{DD4C01BD-E606-4F54-BAC3-01F16B2AAD7D}.Debug|Any CPU.ActiveCfg = Debug|Any CPU
		{DD4C01BD-E606-4F54-BAC3-01F16B2AAD7D}.Debug|Any CPU.Build.0 = Debug|Any CPU
		{DD4C01BD-E606-4F54-BAC3-01F16B2AAD7D}.Release|Any CPU.ActiveCfg = Release|Any CPU
		{DD4C01BD-E606-4F54-BAC3-01F16B2AAD7D}.Release|Any CPU.Build.0 = Release|Any CPU
	EndGlobalSection
	GlobalSection(SolutionProperties) = preSolution
		HideSolutionNode = FALSE
	EndGlobalSection
	GlobalSection(ExtensibilityGlobals) = postSolution
		SolutionGuid = {71FB4E46-0F53-4A9C-BF5A-358E102F69CB}
	EndGlobalSection
EndGlobal
